
Microsoft Visual Studio Solution File, Format Version 12.00
# Visual Studio Version 16
VisualStudioVersion = 25.0.1706.13
MinimumVisualStudioVersion = 10.0.40219.1
Project("{2150E333-8FDC-42A3-9474-1A3956D46DE8}") = "Core", "Core", "{9F7BD1B1-C5A2-4CEB-8206-AE1E90640133}"
EndProject
Project("{FAE04EC0-301F-11D3-BF4B-00C04F79EFBC}") = "ETicaretAPI.Domain", "Core\ETicaretAPI.Domain\ETicaretAPI.Domain.csproj", "{C202F30D-D78D-4EE5-A7D7-8ECA5E8AD14A}"
EndProject
Project("{FAE04EC0-301F-11D3-BF4B-00C04F79EFBC}") = "ETicaretAPI.Application", "Core\ETicaretAPI.Application\ETicaretAPI.Application.csproj", "{ECDD57A1-EFAF-4ABA-92E1-964235E880AD}"
EndProject
Project("{2150E333-8FDC-42A3-9474-1A3956D46DE8}") = "Infrastructure", "Infrastructure", "{D0570318-3937-44C2-8240-2D3C515E05E5}"
EndProject
Project("{FAE04EC0-301F-11D3-BF4B-00C04F79EFBC}") = "ETicaretAPI.Infrastructure", "Infrastructure\ETicaretAPI.Infrastructure\ETicaretAPI.Infrastructure.csproj", "{7969EF17-1020-4DB9-A564-8A06B53A8F29}"
EndProject
Project("{FAE04EC0-301F-11D3-BF4B-00C04F79EFBC}") = "ETicaretAPI.Persistence", "Infrastructure\ETicaretAPI.Persistence\ETicaretAPI.Persistence.csproj", "{A4D5636A-B311-4ABC-A93A-F7A4ACD3D76D}"
EndProject
Project("{2150E333-8FDC-42A3-9474-1A3956D46DE8}") = "Presentation", "Presentation", "{BB2E29ED-F0F2-4F98-AD00-DB684EB9A995}"
EndProject
Project("{FAE04EC0-301F-11D3-BF4B-00C04F79EFBC}") = "ETicaretAPI.API", "Presentation\ETicaretAPI.API\ETicaretAPI.API.csproj", "{00013A69-BBE7-4540-9B27-CBC42ABB314F}"
EndProject
Project("{2150E333-8FDC-42A3-9474-1A3956D46DE8}") = "Solution Items", "Solution Items", "{4AEF8AB8-299A-49DC-ABEC-A9D7B137D2ED}"
	ProjectSection(SolutionItems) = preProject
		.gitignore = .gitignore
	EndProjectSection
EndProject
Global
	GlobalSection(SolutionConfigurationPlatforms) = preSolution
		Debug|Any CPU = Debug|Any CPU
		Release|Any CPU = Release|Any CPU
	EndGlobalSection
	GlobalSection(ProjectConfigurationPlatforms) = postSolution
		{C202F30D-D78D-4EE5-A7D7-8ECA5E8AD14A}.Debug|Any CPU.ActiveCfg = Debug|Any CPU
		{C202F30D-D78D-4EE5-A7D7-8ECA5E8AD14A}.Debug|Any CPU.Build.0 = Debug|Any CPU
		{C202F30D-D78D-4EE5-A7D7-8ECA5E8AD14A}.Release|Any CPU.ActiveCfg = Release|Any CPU
		{C202F30D-D78D-4EE5-A7D7-8ECA5E8AD14A}.Release|Any CPU.Build.0 = Release|Any CPU
		{ECDD57A1-EFAF-4ABA-92E1-964235E880AD}.Debug|Any CPU.ActiveCfg = Debug|Any CPU
		{ECDD57A1-EFAF-4ABA-92E1-964235E880AD}.Debug|Any CPU.Build.0 = Debug|Any CPU
		{ECDD57A1-EFAF-4ABA-92E1-964235E880AD}.Release|Any CPU.ActiveCfg = Release|Any CPU
		{ECDD57A1-EFAF-4ABA-92E1-964235E880AD}.Release|Any CPU.Build.0 = Release|Any CPU
		{7969EF17-1020-4DB9-A564-8A06B53A8F29}.Debug|Any CPU.ActiveCfg = Debug|Any CPU
		{7969EF17-1020-4DB9-A564-8A06B53A8F29}.Debug|Any CPU.Build.0 = Debug|Any CPU
		{7969EF17-1020-4DB9-A564-8A06B53A8F29}.Release|Any CPU.ActiveCfg = Release|Any CPU
		{7969EF17-1020-4DB9-A564-8A06B53A8F29}.Release|Any CPU.Build.0 = Release|Any CPU
		{A4D5636A-B311-4ABC-A93A-F7A4ACD3D76D}.Debug|Any CPU.ActiveCfg = Debug|Any CPU
		{A4D5636A-B311-4ABC-A93A-F7A4ACD3D76D}.Debug|Any CPU.Build.0 = Debug|Any CPU
		{A4D5636A-B311-4ABC-A93A-F7A4ACD3D76D}.Release|Any CPU.ActiveCfg = Release|Any CPU
		{A4D5636A-B311-4ABC-A93A-F7A4ACD3D76D}.Release|Any CPU.Build.0 = Release|Any CPU
		{00013A69-BBE7-4540-9B27-CBC42ABB314F}.Debug|Any CPU.ActiveCfg = Debug|Any CPU
		{00013A69-BBE7-4540-9B27-CBC42ABB314F}.Debug|Any CPU.Build.0 = Debug|Any CPU
		{00013A69-BBE7-4540-9B27-CBC42ABB314F}.Release|Any CPU.ActiveCfg = Release|Any CPU
		{00013A69-BBE7-4540-9B27-CBC42ABB314F}.Release|Any CPU.Build.0 = Release|Any CPU
	EndGlobalSection
	GlobalSection(SolutionProperties) = preSolution
		HideSolutionNode = FALSE
	EndGlobalSection
	GlobalSection(ExtensibilityGlobals) = postSolution
		SolutionGuid = {1417B9DC-1B4F-49DF-ACCD-6E1400A4B514}
	EndGlobalSection
	GlobalSection(NestedProjects) = preSolution
		{C202F30D-D78D-4EE5-A7D7-8ECA5E8AD14A} = {9F7BD1B1-C5A2-4CEB-8206-AE1E90640133}
		{ECDD57A1-EFAF-4ABA-92E1-964235E880AD} = {9F7BD1B1-C5A2-4CEB-8206-AE1E90640133}
		{7969EF17-1020-4DB9-A564-8A06B53A8F29} = {D0570318-3937-44C2-8240-2D3C515E05E5}
		{A4D5636A-B311-4ABC-A93A-F7A4ACD3D76D} = {D0570318-3937-44C2-8240-2D3C515E05E5}
		{00013A69-BBE7-4540-9B27-CBC42ABB314F} = {BB2E29ED-F0F2-4F98-AD00-DB684EB9A995}
	EndGlobalSection
EndGlobal
